# This file is automatically @generated by Cargo.
# It is not intended for manual editing.
[[package]]
name = "fmt-extra"
version = "0.1.2"
source = "registry+https://github.com/rust-lang/crates.io-index"
checksum = "bcf07567c33288997f035b293813c2769574d82f7ab47c9e9ba82577d3caacf6"

[[package]]
name = "hash-roll"
version = "0.2.0"
source = "registry+https://github.com/rust-lang/crates.io-index"
checksum = "1aa40d6fd696ecda9fc00cad983f0fe4d7fdbe6f3954f975b17d0f24f93b61a9"
dependencies = [
 "fmt-extra",
]

[[package]]
name = "rstore"
version = "0.1.0"
dependencies = [
 "hash-roll",
]
